
Microsoft Visual Studio Solution File, Format Version 12.00
# Visual Studio Express 2013 for Web
VisualStudioVersion = 12.0.31101.0
MinimumVisualStudioVersion = 10.0.40219.1
Project("{FAE04EC0-301F-11D3-BF4B-00C04F79EFBC}") = "ServiciosPublicos", "ServiciosPublicos\ServiciosPublicos.csproj", "{8206001B-9B29-48B0-854B-E80110DD1D15}"
EndProject
Project("{FAE04EC0-301F-11D3-BF4B-00C04F79EFBC}") = "ServiciosPublicos.DataAccess", "ServiciosPublicos.DataAccess\ServiciosPublicos.DataAccess.csproj", "{1B69FA4A-2508-412F-BD4B-E6B86C2C9E2B}"
EndProject
Project("{FAE04EC0-301F-11D3-BF4B-00C04F79EFBC}") = "ServiciosPublicos.Logger", "ServiciosPublicos.Logger\ServiciosPublicos.Logger.csproj", "{72028C20-5B8E-43FB-B2FD-2ED2E6C0F68D}"
EndProject
Global
	GlobalSection(SolutionConfigurationPlatforms) = preSolution
		Debug|Any CPU = Debug|Any CPU
		Release|Any CPU = Release|Any CPU
	EndGlobalSection
	GlobalSection(ProjectConfigurationPlatforms) = postSolution
		{8206001B-9B29-48B0-854B-E80110DD1D15}.Debug|Any CPU.ActiveCfg = Debug|Any CPU
		{8206001B-9B29-48B0-854B-E80110DD1D15}.Debug|Any CPU.Build.0 = Debug|Any CPU
		{8206001B-9B29-48B0-854B-E80110DD1D15}.Release|Any CPU.ActiveCfg = Release|Any CPU
		{8206001B-9B29-48B0-854B-E80110DD1D15}.Release|Any CPU.Build.0 = Release|Any CPU
		{1B69FA4A-2508-412F-BD4B-E6B86C2C9E2B}.Debug|Any CPU.ActiveCfg = Debug|Any CPU
		{1B69FA4A-2508-412F-BD4B-E6B86C2C9E2B}.Debug|Any CPU.Build.0 = Debug|Any CPU
		{1B69FA4A-2508-412F-BD4B-E6B86C2C9E2B}.Release|Any CPU.ActiveCfg = Release|Any CPU
		{1B69FA4A-2508-412F-BD4B-E6B86C2C9E2B}.Release|Any CPU.Build.0 = Release|Any CPU
		{72028C20-5B8E-43FB-B2FD-2ED2E6C0F68D}.Debug|Any CPU.ActiveCfg = Debug|Any CPU
		{72028C20-5B8E-43FB-B2FD-2ED2E6C0F68D}.Debug|Any CPU.Build.0 = Debug|Any CPU
		{72028C20-5B8E-43FB-B2FD-2ED2E6C0F68D}.Release|Any CPU.ActiveCfg = Release|Any CPU
		{72028C20-5B8E-43FB-B2FD-2ED2E6C0F68D}.Release|Any CPU.Build.0 = Release|Any CPU
	EndGlobalSection
	GlobalSection(SolutionProperties) = preSolution
		HideSolutionNode = FALSE
	EndGlobalSection
EndGlobal
